
Microsoft Visual Studio Solution File, Format Version 12.00
# Visual Studio 15
VisualStudioVersion = 15.0.27428.2043
MinimumVisualStudioVersion = 10.0.40219.1
Project("{8BC9CEB8-8B4A-11D0-8D11-00A0C91BC942}") = "ConsoleApplication01", "ConsoleApplication01\ConsoleApplication01.vcxproj", "{22C5BE66-CB71-4D55-BEB7-49FFC3AE4A2A}"
EndProject
Project("{8BC9CEB8-8B4A-11D0-8D11-00A0C91BC942}") = "ConsoleApplication02", "ConsoleApplication02\ConsoleApplication02.vcxproj", "{C6CC9F8E-4E3F-448B-B676-F9D4B95D7C65}"
EndProject
Project("{8BC9CEB8-8B4A-11D0-8D11-00A0C91BC942}") = "ConsoleApplication03", "ConsoleApplication03\ConsoleApplication03.vcxproj", "{2CC25F8C-8D73-45B7-BD56-02B39277228D}"
EndProject
Project("{8BC9CEB8-8B4A-11D0-8D11-00A0C91BC942}") = "ConsoleApplication04", "ConsoleApplication04\ConsoleApplication04.vcxproj", "{E305C376-5067-467F-8B54-9CCF4F28A92A}"
EndProject
Global
	GlobalSection(SolutionConfigurationPlatforms) = preSolution
		Debug|x64 = Debug|x64
		Debug|x86 = Debug|x86
		Release|x64 = Release|x64
		Release|x86 = Release|x86
	EndGlobalSection
	GlobalSection(ProjectConfigurationPlatforms) = postSolution
		{22C5BE66-CB71-4D55-BEB7-49FFC3AE4A2A}.Debug|x64.ActiveCfg = Debug|x64
		{22C5BE66-CB71-4D55-BEB7-49FFC3AE4A2A}.Debug|x64.Build.0 = Debug|x64
		{22C5BE66-CB71-4D55-BEB7-49FFC3AE4A2A}.Debug|x86.ActiveCfg = Debug|Win32
		{22C5BE66-CB71-4D55-BEB7-49FFC3AE4A2A}.Debug|x86.Build.0 = Debug|Win32
		{22C5BE66-CB71-4D55-BEB7-49FFC3AE4A2A}.Release|x64.ActiveCfg = Release|x64
		{22C5BE66-CB71-4D55-BEB7-49FFC3AE4A2A}.Release|x64.Build.0 = Release|x64
		{22C5BE66-CB71-4D55-BEB7-49FFC3AE4A2A}.Release|x86.ActiveCfg = Release|Win32
		{22C5BE66-CB71-4D55-BEB7-49FFC3AE4A2A}.Release|x86.Build.0 = Release|Win32
		{C6CC9F8E-4E3F-448B-B676-F9D4B95D7C65}.Debug|x64.ActiveCfg = Debug|x64
		{C6CC9F8E-4E3F-448B-B676-F9D4B95D7C65}.Debug|x64.Build.0 = Debug|x64
		{C6CC9F8E-4E3F-448B-B676-F9D4B95D7C65}.Debug|x86.ActiveCfg = Debug|Win32
		{C6CC9F8E-4E3F-448B-B676-F9D4B95D7C65}.Debug|x86.Build.0 = Debug|Win32
		{C6CC9F8E-4E3F-448B-B676-F9D4B95D7C65}.Release|x64.ActiveCfg = Release|x64
		{C6CC9F8E-4E3F-448B-B676-F9D4B95D7C65}.Release|x64.Build.0 = Release|x64
		{C6CC9F8E-4E3F-448B-B676-F9D4B95D7C65}.Release|x86.ActiveCfg = Release|Win32
		{C6CC9F8E-4E3F-448B-B676-F9D4B95D7C65}.Release|x86.Build.0 = Release|Win32
		{2CC25F8C-8D73-45B7-BD56-02B39277228D}.Debug|x64.ActiveCfg = Debug|x64
		{2CC25F8C-8D73-45B7-BD56-02B39277228D}.Debug|x64.Build.0 = Debug|x64
		{2CC25F8C-8D73-45B7-BD56-02B39277228D}.Debug|x86.ActiveCfg = Debug|Win32
		{2CC25F8C-8D73-45B7-BD56-02B39277228D}.Debug|x86.Build.0 = Debug|Win32
		{2CC25F8C-8D73-45B7-BD56-02B39277228D}.Release|x64.ActiveCfg = Release|x64
		{2CC25F8C-8D73-45B7-BD56-02B39277228D}.Release|x64.Build.0 = Release|x64
		{2CC25F8C-8D73-45B7-BD56-02B39277228D}.Release|x86.ActiveCfg = Release|Win32
		{2CC25F8C-8D73-45B7-BD56-02B39277228D}.Release|x86.Build.0 = Release|Win32
		{E305C376-5067-467F-8B54-9CCF4F28A92A}.Debug|x64.ActiveCfg = Debug|x64
		{E305C376-5067-467F-8B54-9CCF4F28A92A}.Debug|x64.Build.0 = Debug|x64
		{E305C376-5067-467F-8B54-9CCF4F28A92A}.Debug|x86.ActiveCfg = Debug|Win32
		{E305C376-5067-467F-8B54-9CCF4F28A92A}.Debug|x86.Build.0 = Debug|Win32
		{E305C376-5067-467F-8B54-9CCF4F28A92A}.Release|x64.ActiveCfg = Release|x64
		{E305C376-5067-467F-8B54-9CCF4F28A92A}.Release|x64.Build.0 = Release|x64
		{E305C376-5067-467F-8B54-9CCF4F28A92A}.Release|x86.ActiveCfg = Release|Win32
		{E305C376-5067-467F-8B54-9CCF4F28A92A}.Release|x86.Build.0 = Release|Win32
	EndGlobalSection
	GlobalSection(SolutionProperties) = preSolution
		HideSolutionNode = FALSE
	EndGlobalSection
	GlobalSection(ExtensibilityGlobals) = postSolution
		SolutionGuid = {B1135A0C-F5B9-433F-A38A-B8DE65E95E1D}
	EndGlobalSection
EndGlobal
